
Microsoft Visual Studio Solution File, Format Version 12.00
# Visual Studio Version 17
VisualStudioVersion = 17.7.34024.191
MinimumVisualStudioVersion = 10.0.40219.1
Project("{FAE04EC0-301F-11D3-BF4B-00C04F79EFBC}") = "ArrayLab", "ArrayLab\ArrayLab.csproj", "{4723427D-2D8C-43E0-9E3C-A7B4E8521D0D}"
EndProject
Global
	GlobalSection(SolutionConfigurationPlatforms) = preSolution
		Debug|Any CPU = Debug|Any CPU
		Release|Any CPU = Release|Any CPU
	EndGlobalSection
	GlobalSection(ProjectConfigurationPlatforms) = postSolution
		{4723427D-2D8C-43E0-9E3C-A7B4E8521D0D}.Debug|Any CPU.ActiveCfg = Debug|Any CPU
		{4723427D-2D8C-43E0-9E3C-A7B4E8521D0D}.Debug|Any CPU.Build.0 = Debug|Any CPU
		{4723427D-2D8C-43E0-9E3C-A7B4E8521D0D}.Release|Any CPU.ActiveCfg = Release|Any CPU
		{4723427D-2D8C-43E0-9E3C-A7B4E8521D0D}.Release|Any CPU.Build.0 = Release|Any CPU
	EndGlobalSection
	GlobalSection(SolutionProperties) = preSolution
		HideSolutionNode = FALSE
	EndGlobalSection
	GlobalSection(ExtensibilityGlobals) = postSolution
		SolutionGuid = {2EFA40E3-289E-48D5-A935-8503A3DD7173}
	EndGlobalSection
EndGlobal
